
Microsoft Visual Studio Solution File, Format Version 12.00
# Visual Studio Version 16
VisualStudioVersion = 16.0.34114.132
MinimumVisualStudioVersion = 10.0.40219.1
Project("{FAE04EC0-301F-11D3-BF4B-00C04F79EFBC}") = "PR_3_task_2", "PR_3_task_2\PR_3_task_2.csproj", "{BC2DB5AD-4E29-4619-BB6E-AB1A5BE70751}"
EndProject
Global
	GlobalSection(SolutionConfigurationPlatforms) = preSolution
		Debug|Any CPU = Debug|Any CPU
		Release|Any CPU = Release|Any CPU
	EndGlobalSection
	GlobalSection(ProjectConfigurationPlatforms) = postSolution
		{BC2DB5AD-4E29-4619-BB6E-AB1A5BE70751}.Debug|Any CPU.ActiveCfg = Debug|Any CPU
		{BC2DB5AD-4E29-4619-BB6E-AB1A5BE70751}.Debug|Any CPU.Build.0 = Debug|Any CPU
		{BC2DB5AD-4E29-4619-BB6E-AB1A5BE70751}.Release|Any CPU.ActiveCfg = Release|Any CPU
		{BC2DB5AD-4E29-4619-BB6E-AB1A5BE70751}.Release|Any CPU.Build.0 = Release|Any CPU
	EndGlobalSection
	GlobalSection(SolutionProperties) = preSolution
		HideSolutionNode = FALSE
	EndGlobalSection
	GlobalSection(ExtensibilityGlobals) = postSolution
		SolutionGuid = {961BDE84-19C5-4A31-9171-E1199DB4BEB4}
	EndGlobalSection
EndGlobal
